
Microsoft Visual Studio Solution File, Format Version 12.00
# Visual Studio Version 17
VisualStudioVersion = 17.10.35013.160
MinimumVisualStudioVersion = 10.0.40219.1
Project("{FAE04EC0-301F-11D3-BF4B-00C04F79EFBC}") = "HolaMundo", "HolaMundo\HolaMundo.csproj", "{9BE8530A-5012-4F18-889C-CAD404AF3CDC}"
EndProject
Global
	GlobalSection(SolutionConfigurationPlatforms) = preSolution
		Debug|Any CPU = Debug|Any CPU
		Release|Any CPU = Release|Any CPU
	EndGlobalSection
	GlobalSection(ProjectConfigurationPlatforms) = postSolution
		{9BE8530A-5012-4F18-889C-CAD404AF3CDC}.Debug|Any CPU.ActiveCfg = Debug|Any CPU
		{9BE8530A-5012-4F18-889C-CAD404AF3CDC}.Debug|Any CPU.Build.0 = Debug|Any CPU
		{9BE8530A-5012-4F18-889C-CAD404AF3CDC}.Release|Any CPU.ActiveCfg = Release|Any CPU
		{9BE8530A-5012-4F18-889C-CAD404AF3CDC}.Release|Any CPU.Build.0 = Release|Any CPU
	EndGlobalSection
	GlobalSection(SolutionProperties) = preSolution
		HideSolutionNode = FALSE
	EndGlobalSection
	GlobalSection(ExtensibilityGlobals) = postSolution
		SolutionGuid = {E9278C55-3023-4D6D-BD35-C0E448063F61}
	EndGlobalSection
EndGlobal
