
Microsoft Visual Studio Solution File, Format Version 12.00
# Visual Studio Version 17
VisualStudioVersion = 17.10.35013.160
MinimumVisualStudioVersion = 10.0.40219.1
Project("{FAE04EC0-301F-11D3-BF4B-00C04F79EFBC}") = "socios", "socios\socios.csproj", "{B35BD51E-E4C6-4BA9-806A-B6F0F17E8E6B}"
EndProject
Global
	GlobalSection(SolutionConfigurationPlatforms) = preSolution
		Debug|Any CPU = Debug|Any CPU
		Release|Any CPU = Release|Any CPU
	EndGlobalSection
	GlobalSection(ProjectConfigurationPlatforms) = postSolution
		{B35BD51E-E4C6-4BA9-806A-B6F0F17E8E6B}.Debug|Any CPU.ActiveCfg = Debug|Any CPU
		{B35BD51E-E4C6-4BA9-806A-B6F0F17E8E6B}.Debug|Any CPU.Build.0 = Debug|Any CPU
		{B35BD51E-E4C6-4BA9-806A-B6F0F17E8E6B}.Release|Any CPU.ActiveCfg = Release|Any CPU
		{B35BD51E-E4C6-4BA9-806A-B6F0F17E8E6B}.Release|Any CPU.Build.0 = Release|Any CPU
	EndGlobalSection
	GlobalSection(SolutionProperties) = preSolution
		HideSolutionNode = FALSE
	EndGlobalSection
	GlobalSection(ExtensibilityGlobals) = postSolution
		SolutionGuid = {D7664552-0D88-473D-8D44-9CE05358EA74}
	EndGlobalSection
EndGlobal
